
Microsoft Visual Studio Solution File, Format Version 12.00
# Visual Studio 2013
VisualStudioVersion = 12.0.30723.0
MinimumVisualStudioVersion = 10.0.40219.1
Project("{8BC9CEB8-8B4A-11D0-8D11-00A0C91BC942}") = "ChattingServer", "ChattingServer\ChattingServer.vcxproj", "{C47AE482-BE04-4975-A99D-A0D7F13642D8}"
EndProject
Project("{8BC9CEB8-8B4A-11D0-8D11-00A0C91BC942}") = "ChattingClient", "ChattingClient\ChattingClient.vcxproj", "{86D00C03-5414-406F-B7D3-E9189DA54AF4}"
EndProject
Global
	GlobalSection(SolutionConfigurationPlatforms) = preSolution
		Debug|Win32 = Debug|Win32
		Release|Win32 = Release|Win32
	EndGlobalSection
	GlobalSection(ProjectConfigurationPlatforms) = postSolution
		{C47AE482-BE04-4975-A99D-A0D7F13642D8}.Debug|Win32.ActiveCfg = Debug|Win32
		{C47AE482-BE04-4975-A99D-A0D7F13642D8}.Debug|Win32.Build.0 = Debug|Win32
		{C47AE482-BE04-4975-A99D-A0D7F13642D8}.Release|Win32.ActiveCfg = Release|Win32
		{C47AE482-BE04-4975-A99D-A0D7F13642D8}.Release|Win32.Build.0 = Release|Win32
		{86D00C03-5414-406F-B7D3-E9189DA54AF4}.Debug|Win32.ActiveCfg = Debug|Win32
		{86D00C03-5414-406F-B7D3-E9189DA54AF4}.Debug|Win32.Build.0 = Debug|Win32
		{86D00C03-5414-406F-B7D3-E9189DA54AF4}.Release|Win32.ActiveCfg = Release|Win32
		{86D00C03-5414-406F-B7D3-E9189DA54AF4}.Release|Win32.Build.0 = Release|Win32
	EndGlobalSection
	GlobalSection(SolutionProperties) = preSolution
		HideSolutionNode = FALSE
	EndGlobalSection
EndGlobal
